
Microsoft Visual Studio Solution File, Format Version 12.00
# Visual Studio Version 17
VisualStudioVersion = 17.0.32002.185
MinimumVisualStudioVersion = 10.0.40219.1
Project("{FAE04EC0-301F-11D3-BF4B-00C04F79EFBC}") = "LABOOP00A", "LABOOP00A\LABOOP00A.csproj", "{B2A855BE-8992-40C3-993A-1936031FCB0A}"
EndProject
Global
	GlobalSection(SolutionConfigurationPlatforms) = preSolution
		Debug|Any CPU = Debug|Any CPU
		Release|Any CPU = Release|Any CPU
	EndGlobalSection
	GlobalSection(ProjectConfigurationPlatforms) = postSolution
		{B2A855BE-8992-40C3-993A-1936031FCB0A}.Debug|Any CPU.ActiveCfg = Debug|Any CPU
		{B2A855BE-8992-40C3-993A-1936031FCB0A}.Debug|Any CPU.Build.0 = Debug|Any CPU
		{B2A855BE-8992-40C3-993A-1936031FCB0A}.Release|Any CPU.ActiveCfg = Release|Any CPU
		{B2A855BE-8992-40C3-993A-1936031FCB0A}.Release|Any CPU.Build.0 = Release|Any CPU
	EndGlobalSection
	GlobalSection(SolutionProperties) = preSolution
		HideSolutionNode = FALSE
	EndGlobalSection
	GlobalSection(ExtensibilityGlobals) = postSolution
		SolutionGuid = {7BBE9921-BAC1-4187-B890-CECE3EB50B80}
	EndGlobalSection
EndGlobal
